
Microsoft Visual Studio Solution File, Format Version 12.00
# Visual Studio 15
Project("{FAE04EC0-301F-11D3-BF4B-00C04F79EFBC}") = "Assembly-CSharp-firstpass", "Assembly-CSharp-firstpass.csproj", "{DBBB2776-3D5E-4A40-BBF0-7611744BE748}"
EndProject
Project("{FAE04EC0-301F-11D3-BF4B-00C04F79EFBC}") = "Assembly-CSharp", "Assembly-CSharp.csproj", "{464E427B-29D2-BCD3-3A1D-F25484542D77}"
EndProject
Project("{FAE04EC0-301F-11D3-BF4B-00C04F79EFBC}") = "Assembly-CSharp-Editor-firstpass", "Assembly-CSharp-Editor-firstpass.csproj", "{007656DB-52F9-0F3F-C143-3C614154615E}"
EndProject
Global
	GlobalSection(SolutionConfigurationPlatforms) = preSolution
		Debug|Any CPU = Debug|Any CPU
		Release|Any CPU = Release|Any CPU
	EndGlobalSection
	GlobalSection(ProjectConfigurationPlatforms) = postSolution
		{DBBB2776-3D5E-4A40-BBF0-7611744BE748}.Debug|Any CPU.ActiveCfg = Debug|Any CPU
		{DBBB2776-3D5E-4A40-BBF0-7611744BE748}.Debug|Any CPU.Build.0 = Debug|Any CPU
		{DBBB2776-3D5E-4A40-BBF0-7611744BE748}.Release|Any CPU.ActiveCfg = Release|Any CPU
		{DBBB2776-3D5E-4A40-BBF0-7611744BE748}.Release|Any CPU.Build.0 = Release|Any CPU
		{464E427B-29D2-BCD3-3A1D-F25484542D77}.Debug|Any CPU.ActiveCfg = Debug|Any CPU
		{464E427B-29D2-BCD3-3A1D-F25484542D77}.Debug|Any CPU.Build.0 = Debug|Any CPU
		{464E427B-29D2-BCD3-3A1D-F25484542D77}.Release|Any CPU.ActiveCfg = Release|Any CPU
		{464E427B-29D2-BCD3-3A1D-F25484542D77}.Release|Any CPU.Build.0 = Release|Any CPU
		{007656DB-52F9-0F3F-C143-3C614154615E}.Debug|Any CPU.ActiveCfg = Debug|Any CPU
		{007656DB-52F9-0F3F-C143-3C614154615E}.Debug|Any CPU.Build.0 = Debug|Any CPU
		{007656DB-52F9-0F3F-C143-3C614154615E}.Release|Any CPU.ActiveCfg = Release|Any CPU
		{007656DB-52F9-0F3F-C143-3C614154615E}.Release|Any CPU.Build.0 = Release|Any CPU
	EndGlobalSection
	GlobalSection(SolutionProperties) = preSolution
		HideSolutionNode = FALSE
	EndGlobalSection
EndGlobal
